// !$*UTF8*$!
{
	archiveVersion = 1;
	classes = {
	};
	objectVersion = 55;
	objects = {

/* Begin PBXBuildFile section */
		C806EE3529007A2300B0AF71 /* Extension.swift in Sources */ = {isa = PBXBuildFile; fileRef = C806EE3429007A2300B0AF71 /* Extension.swift */; };
		C8EEB5D428FC4F9400AD25AF /* AppDelegate.swift in Sources */ = {isa = PBXBuildFile; fileRef = C8EEB5D328FC4F9400AD25AF /* AppDelegate.swift */; };
		C8EEB5D628FC4F9400AD25AF /* SceneDelegate.swift in Sources */ = {isa = PBXBuildFile; fileRef = C8EEB5D528FC4F9400AD25AF /* SceneDelegate.swift */; };
		C8EEB5D828FC4F9400AD25AF /*  ConversationsVC.swift in Sources */ = {isa = PBXBuildFile; fileRef = C8EEB5D728FC4F9400AD25AF /*  ConversationsVC.swift */; };
		C8EEB5DB28FC4F9400AD25AF /* Main.storyboard in Resources */ = {isa = PBXBuildFile; fileRef = C8EEB5D928FC4F9400AD25AF /* Main.storyboard */; };
		C8EEB5DD28FC4F9900AD25AF /* Assets.xcassets in Resources */ = {isa = PBXBuildFile; fileRef = C8EEB5DC28FC4F9900AD25AF /* Assets.xcassets */; };
		C8EEB5E028FC4F9900AD25AF /* LaunchScreen.storyboard in Resources */ = {isa = PBXBuildFile; fileRef = C8EEB5DE28FC4F9900AD25AF /* LaunchScreen.storyboard */; };
		C8EEB5EC28FC531500AD25AF /* LoginVC.swift in Sources */ = {isa = PBXBuildFile; fileRef = C8EEB5EB28FC531500AD25AF /* LoginVC.swift */; };
		C8EEB5EE28FC532500AD25AF /* RegisterVC.swift in Sources */ = {isa = PBXBuildFile; fileRef = C8EEB5ED28FC532500AD25AF /* RegisterVC.swift */; };
		C8EEB5F028FC534F00AD25AF /* PhotoViewVC.swift in Sources */ = {isa = PBXBuildFile; fileRef = C8EEB5EF28FC534F00AD25AF /* PhotoViewVC.swift */; };
		C8EEB5F228FC535F00AD25AF /* VideoPlayerVC.swift in Sources */ = {isa = PBXBuildFile; fileRef = C8EEB5F128FC535E00AD25AF /* VideoPlayerVC.swift */; };
		C8EEB5F428FC539100AD25AF /* ProfileVC.swift in Sources */ = {isa = PBXBuildFile; fileRef = C8EEB5F328FC539100AD25AF /* ProfileVC.swift */; };
		C8EEB5F628FC53A700AD25AF /* NewConversationVC.swift in Sources */ = {isa = PBXBuildFile; fileRef = C8EEB5F528FC53A700AD25AF /* NewConversationVC.swift */; };
		C8EEB5FB28FE195400AD25AF /* GoogleService-Info.plist in Resources */ = {isa = PBXBuildFile; fileRef = C8EEB5FA28FE195400AD25AF /* GoogleService-Info.plist */; };
		C8EEB5FD28FEBC7F00AD25AF /* Database.swift in Sources */ = {isa = PBXBuildFile; fileRef = C8EEB5FC28FEBC7F00AD25AF /* Database.swift */; };
		F7F958A8072DB1EC8859D7F7 /* Pods_Messenger.framework in Frameworks */ = {isa = PBXBuildFile; fileRef = CE923E58E336F8B598856330 /* Pods_Messenger.framework */; };
/* End PBXBuildFile section */

/* Begin PBXFileReference section */
		53B25C1C89E017C3A5323BA3 /* Pods-Messenger.release.xcconfig */ = {isa = PBXFileReference; includeInIndex = 1; lastKnownFileType = text.xcconfig; name = "Pods-Messenger.release.xcconfig"; path = "Target Support Files/Pods-Messenger/Pods-Messenger.release.xcconfig"; sourceTree = "<group>"; };
		C806EE3429007A2300B0AF71 /* Extension.swift */ = {isa = PBXFileReference; lastKnownFileType = sourcecode.swift; path = Extension.swift; sourceTree = "<group>"; };
		C806EE3629007EEE00B0AF71 /* Messenger.entitlements */ = {isa = PBXFileReference; lastKnownFileType = text.plist.entitlements; path = Messenger.entitlements; sourceTree = "<group>"; };
		C8EEB5D028FC4F9400AD25AF /* Messenger.app */ = {isa = PBXFileReference; explicitFileType = wrapper.application; includeInIndex = 0; path = Messenger.app; sourceTree = BUILT_PRODUCTS_DIR; };
		C8EEB5D328FC4F9400AD25AF /* AppDelegate.swift */ = {isa = PBXFileReference; lastKnownFileType = sourcecode.swift; path = AppDelegate.swift; sourceTree = "<group>"; };
		C8EEB5D528FC4F9400AD25AF /* SceneDelegate.swift */ = {isa = PBXFileReference; lastKnownFileType = sourcecode.swift; path = SceneDelegate.swift; sourceTree = "<group>"; };
		C8EEB5D728FC4F9400AD25AF /*  ConversationsVC.swift */ = {isa = PBXFileReference; lastKnownFileType = sourcecode.swift; path = " ConversationsVC.swift"; sourceTree = "<group>"; };
		C8EEB5DA28FC4F9400AD25AF /* Base */ = {isa = PBXFileReference; lastKnownFileType = file.storyboard; name = Base; path = Base.lproj/Main.storyboard; sourceTree = "<group>"; };
		C8EEB5DC28FC4F9900AD25AF /* Assets.xcassets */ = {isa = PBXFileReference; lastKnownFileType = folder.assetcatalog; path = Assets.xcassets; sourceTree = "<group>"; };
		C8EEB5DF28FC4F9900AD25AF /* Base */ = {isa = PBXFileReference; lastKnownFileType = file.storyboard; name = Base; path = Base.lproj/LaunchScreen.storyboard; sourceTree = "<group>"; };
		C8EEB5E128FC4F9900AD25AF /* Info.plist */ = {isa = PBXFileReference; lastKnownFileType = text.plist.xml; path = Info.plist; sourceTree = "<group>"; };
		C8EEB5EB28FC531500AD25AF /* LoginVC.swift */ = {isa = PBXFileReference; lastKnownFileType = sourcecode.swift; path = LoginVC.swift; sourceTree = "<group>"; };
		C8EEB5ED28FC532500AD25AF /* RegisterVC.swift */ = {isa = PBXFileReference; lastKnownFileType = sourcecode.swift; path = RegisterVC.swift; sourceTree = "<group>"; };
		C8EEB5EF28FC534F00AD25AF /* PhotoViewVC.swift */ = {isa = PBXFileReference; lastKnownFileType = sourcecode.swift; path = PhotoViewVC.swift; sourceTree = "<group>"; };
		C8EEB5F128FC535E00AD25AF /* VideoPlayerVC.swift */ = {isa = PBXFileReference; lastKnownFileType = sourcecode.swift; path = VideoPlayerVC.swift; sourceTree = "<group>"; };
		C8EEB5F328FC539100AD25AF /* ProfileVC.swift */ = {isa = PBXFileReference; lastKnownFileType = sourcecode.swift; path = ProfileVC.swift; sourceTree = "<group>"; };
		C8EEB5F528FC53A700AD25AF /* NewConversationVC.swift */ = {isa = PBXFileReference; lastKnownFileType = sourcecode.swift; path = NewConversationVC.swift; sourceTree = "<group>"; };
		C8EEB5FA28FE195400AD25AF /* GoogleService-Info.plist */ = {isa = PBXFileReference; fileEncoding = 4; lastKnownFileType = text.plist.xml; path = "GoogleService-Info.plist"; sourceTree = "<group>"; };
		C8EEB5FC28FEBC7F00AD25AF /* Database.swift */ = {isa = PBXFileReference; lastKnownFileType = sourcecode.swift; path = Database.swift; sourceTree = "<group>"; };
		CE923E58E336F8B598856330 /* Pods_Messenger.framework */ = {isa = PBXFileReference; explicitFileType = wrapper.framework; includeInIndex = 0; path = Pods_Messenger.framework; sourceTree = BUILT_PRODUCTS_DIR; };
		F7CBBD719A45FCBD507D4F3F /* Pods-Messenger.debug.xcconfig */ = {isa = PBXFileReference; includeInIndex = 1; lastKnownFileType = text.xcconfig; name = "Pods-Messenger.debug.xcconfig"; path = "Target Support Files/Pods-Messenger/Pods-Messenger.debug.xcconfig"; sourceTree = "<group>"; };
/* End PBXFileReference section */

/* Begin PBXFrameworksBuildPhase section */
		C8EEB5CD28FC4F9300AD25AF /* Frameworks */ = {
			isa = PBXFrameworksBuildPhase;
			buildActionMask = 2147483647;
			files = (
				F7F958A8072DB1EC8859D7F7 /* Pods_Messenger.framework in Frameworks */,
			);
			runOnlyForDeploymentPostprocessing = 0;
		};
/* End PBXFrameworksBuildPhase section */

/* Begin PBXGroup section */
		21A663507C7C9DD7DBA0F7E6 /* Pods */ = {
			isa = PBXGroup;
			children = (
				F7CBBD719A45FCBD507D4F3F /* Pods-Messenger.debug.xcconfig */,
				53B25C1C89E017C3A5323BA3 /* Pods-Messenger.release.xcconfig */,
			);
			path = Pods;
			sourceTree = "<group>";
		};
		C8EEB5C728FC4F9300AD25AF = {
			isa = PBXGroup;
			children = (
				C8EEB5D228FC4F9400AD25AF /* Messenger */,
				C8EEB5D128FC4F9400AD25AF /* Products */,
				21A663507C7C9DD7DBA0F7E6 /* Pods */,
				DB5EFFD62D6557273E63193C /* Frameworks */,
			);
			sourceTree = "<group>";
		};
		C8EEB5D128FC4F9400AD25AF /* Products */ = {
			isa = PBXGroup;
			children = (
				C8EEB5D028FC4F9400AD25AF /* Messenger.app */,
			);
			name = Products;
			sourceTree = "<group>";
		};
		C8EEB5D228FC4F9400AD25AF /* Messenger */ = {
			isa = PBXGroup;
			children = (
				C806EE3629007EEE00B0AF71 /* Messenger.entitlements */,
				C8EEB5FA28FE195400AD25AF /* GoogleService-Info.plist */,
				C8EEB5E828FC51D200AD25AF /* Models */,
				C8EEB5E928FC51D700AD25AF /* Views */,
				C8EEB5E728FC51C200AD25AF /* Controllers */,
				C8EEB5EA28FC51DC00AD25AF /* Resources */,
				C8EEB5E128FC4F9900AD25AF /* Info.plist */,
			);
			path = Messenger;
			sourceTree = "<group>";
		};
		C8EEB5E728FC51C200AD25AF /* Controllers */ = {
			isa = PBXGroup;
			children = (
				C8EEB5F728FC54CB00AD25AF /*  Authorization */,
				C8EEB5D728FC4F9400AD25AF /*  ConversationsVC.swift */,
				C8EEB5EF28FC534F00AD25AF /* PhotoViewVC.swift */,
				C8EEB5F128FC535E00AD25AF /* VideoPlayerVC.swift */,
				C8EEB5F328FC539100AD25AF /* ProfileVC.swift */,
				C8EEB5F528FC53A700AD25AF /* NewConversationVC.swift */,
			);
			path = Controllers;
			sourceTree = "<group>";
		};
		C8EEB5E828FC51D200AD25AF /* Models */ = {
			isa = PBXGroup;
			children = (
			);
			path = Models;
			sourceTree = "<group>";
		};
		C8EEB5E928FC51D700AD25AF /* Views */ = {
			isa = PBXGroup;
			children = (
				C8EEB5D928FC4F9400AD25AF /* Main.storyboard */,
				C8EEB5DE28FC4F9900AD25AF /* LaunchScreen.storyboard */,
			);
			path = Views;
			sourceTree = "<group>";
		};
		C8EEB5EA28FC51DC00AD25AF /* Resources */ = {
			isa = PBXGroup;
			children = (
				C8EEB5FC28FEBC7F00AD25AF /* Database.swift */,
				C8EEB5D328FC4F9400AD25AF /* AppDelegate.swift */,
				C8EEB5D528FC4F9400AD25AF /* SceneDelegate.swift */,
				C8EEB5DC28FC4F9900AD25AF /* Assets.xcassets */,
				C806EE3429007A2300B0AF71 /* Extension.swift */,
			);
			path = Resources;
			sourceTree = "<group>";
		};
		C8EEB5F728FC54CB00AD25AF /*  Authorization */ = {
			isa = PBXGroup;
			children = (
				C8EEB5EB28FC531500AD25AF /* LoginVC.swift */,
				C8EEB5ED28FC532500AD25AF /* RegisterVC.swift */,
			);
			path = " Authorization";
			sourceTree = "<group>";
		};
		DB5EFFD62D6557273E63193C /* Frameworks */ = {
			isa = PBXGroup;
			children = (
				CE923E58E336F8B598856330 /* Pods_Messenger.framework */,
			);
			name = Frameworks;
			sourceTree = "<group>";
		};
/* End PBXGroup section */

/* Begin PBXNativeTarget section */
		C8EEB5CF28FC4F9300AD25AF /* Messenger */ = {
			isa = PBXNativeTarget;
			buildConfigurationList = C8EEB5E428FC4F9900AD25AF /* Build configuration list for PBXNativeTarget "Messenger" */;
			buildPhases = (
				394EA8E410ADA8BD12864C05 /* [CP] Check Pods Manifest.lock */,
				C8EEB5CC28FC4F9300AD25AF /* Sources */,
				C8EEB5CD28FC4F9300AD25AF /* Frameworks */,
				C8EEB5CE28FC4F9300AD25AF /* Resources */,
				CB6129786A27EBB0777277F6 /* [CP] Embed Pods Frameworks */,
			);
			buildRules = (
			);
			dependencies = (
			);
			name = Messenger;
			productName = Messenger;
			productReference = C8EEB5D028FC4F9400AD25AF /* Messenger.app */;
			productType = "com.apple.product-type.application";
		};
/* End PBXNativeTarget section */

/* Begin PBXProject section */
		C8EEB5C828FC4F9300AD25AF /* Project object */ = {
			isa = PBXProject;
			attributes = {
				BuildIndependentTargetsInParallel = 1;
				LastSwiftUpdateCheck = 1330;
				LastUpgradeCheck = 1330;
				TargetAttributes = {
					C8EEB5CF28FC4F9300AD25AF = {
						CreatedOnToolsVersion = 13.3.1;
					};
				};
			};
			buildConfigurationList = C8EEB5CB28FC4F9300AD25AF /* Build configuration list for PBXProject "Messenger" */;
			compatibilityVersion = "Xcode 13.0";
			developmentRegion = en;
			hasScannedForEncodings = 0;
			knownRegions = (
				en,
				Base,
			);
			mainGroup = C8EEB5C728FC4F9300AD25AF;
			productRefGroup = C8EEB5D128FC4F9400AD25AF /* Products */;
			projectDirPath = "";
			projectRoot = "";
			targets = (
				C8EEB5CF28FC4F9300AD25AF /* Messenger */,
			);
		};
/* End PBXProject section */

/* Begin PBXResourcesBuildPhase section */
		C8EEB5CE28FC4F9300AD25AF /* Resources */ = {
			isa = PBXResourcesBuildPhase;
			buildActionMask = 2147483647;
			files = (
				C8EEB5E028FC4F9900AD25AF /* LaunchScreen.storyboard in Resources */,
				C8EEB5FB28FE195400AD25AF /* GoogleService-Info.plist in Resources */,
				C8EEB5DD28FC4F9900AD25AF /* Assets.xcassets in Resources */,
				C8EEB5DB28FC4F9400AD25AF /* Main.storyboard in Resources */,
			);
			runOnlyForDeploymentPostprocessing = 0;
		};
/* End PBXResourcesBuildPhase section */

/* Begin PBXShellScriptBuildPhase section */
		394EA8E410ADA8BD12864C05 /* [CP] Check Pods Manifest.lock */ = {
			isa = PBXShellScriptBuildPhase;
			buildActionMask = 2147483647;
			files = (
			);
			inputFileListPaths = (
			);
			inputPaths = (
				"${PODS_PODFILE_DIR_PATH}/Podfile.lock",
				"${PODS_ROOT}/Manifest.lock",
			);
			name = "[CP] Check Pods Manifest.lock";
			outputFileListPaths = (
			);
			outputPaths = (
				"$(DERIVED_FILE_DIR)/Pods-Messenger-checkManifestLockResult.txt",
			);
			runOnlyForDeploymentPostprocessing = 0;
			shellPath = /bin/sh;
			shellScript = "diff \"${PODS_PODFILE_DIR_PATH}/Podfile.lock\" \"${PODS_ROOT}/Manifest.lock\" > /dev/null\nif [ $? != 0 ] ; then\n    # print error to STDERR\n    echo \"error: The sandbox is not in sync with the Podfile.lock. Run 'pod install' or update your CocoaPods installation.\" >&2\n    exit 1\nfi\n# This output is used by Xcode 'outputs' to avoid re-running this script phase.\necho \"SUCCESS\" > \"${SCRIPT_OUTPUT_FILE_0}\"\n";
			showEnvVarsInLog = 0;
		};
		CB6129786A27EBB0777277F6 /* [CP] Embed Pods Frameworks */ = {
			isa = PBXShellScriptBuildPhase;
			buildActionMask = 2147483647;
			files = (
			);
			inputFileListPaths = (
				"${PODS_ROOT}/Target Support Files/Pods-Messenger/Pods-Messenger-frameworks-${CONFIGURATION}-input-files.xcfilelist",
			);
			name = "[CP] Embed Pods Frameworks";
			outputFileListPaths = (
				"${PODS_ROOT}/Target Support Files/Pods-Messenger/Pods-Messenger-frameworks-${CONFIGURATION}-output-files.xcfilelist",
			);
			runOnlyForDeploymentPostprocessing = 0;
			shellPath = /bin/sh;
			shellScript = "\"${PODS_ROOT}/Target Support Files/Pods-Messenger/Pods-Messenger-frameworks.sh\"\n";
			showEnvVarsInLog = 0;
		};
/* End PBXShellScriptBuildPhase section */

/* Begin PBXSourcesBuildPhase section */
		C8EEB5CC28FC4F9300AD25AF /* Sources */ = {
			isa = PBXSourcesBuildPhase;
			buildActionMask = 2147483647;
			files = (
				C8EEB5F028FC534F00AD25AF /* PhotoViewVC.swift in Sources */,
				C8EEB5FD28FEBC7F00AD25AF /* Database.swift in Sources */,
				C8EEB5EC28FC531500AD25AF /* LoginVC.swift in Sources */,
				C8EEB5EE28FC532500AD25AF /* RegisterVC.swift in Sources */,
				C806EE3529007A2300B0AF71 /* Extension.swift in Sources */,
				C8EEB5F228FC535F00AD25AF /* VideoPlayerVC.swift in Sources */,
				C8EEB5D828FC4F9400AD25AF /*  ConversationsVC.swift in Sources */,
				C8EEB5D428FC4F9400AD25AF /* AppDelegate.swift in Sources */,
				C8EEB5F628FC53A700AD25AF /* NewConversationVC.swift in Sources */,
				C8EEB5F428FC539100AD25AF /* ProfileVC.swift in Sources */,
				C8EEB5D628FC4F9400AD25AF /* SceneDelegate.swift in Sources */,
			);
			runOnlyForDeploymentPostprocessing = 0;
		};
/* End PBXSourcesBuildPhase section */

/* Begin PBXVariantGroup section */
		C8EEB5D928FC4F9400AD25AF /* Main.storyboard */ = {
			isa = PBXVariantGroup;
			children = (
				C8EEB5DA28FC4F9400AD25AF /* Base */,
			);
			name = Main.storyboard;
			sourceTree = "<group>";
		};
		C8EEB5DE28FC4F9900AD25AF /* LaunchScreen.storyboard */ = {
			isa = PBXVariantGroup;
			children = (
				C8EEB5DF28FC4F9900AD25AF /* Base */,
			);
			name = LaunchScreen.storyboard;
			sourceTree = "<group>";
		};
/* End PBXVariantGroup section */

/* Begin XCBuildConfiguration section */
		C8EEB5E228FC4F9900AD25AF /* Debug */ = {
			isa = XCBuildConfiguration;
			buildSettings = {
				ALWAYS_SEARCH_USER_PATHS = NO;
				CLANG_ANALYZER_NONNULL = YES;
				CLANG_ANALYZER_NUMBER_OBJECT_CONVERSION = YES_AGGRESSIVE;
				CLANG_CXX_LANGUAGE_STANDARD = "gnu++17";
				CLANG_ENABLE_MODULES = YES;
				CLANG_ENABLE_OBJC_ARC = YES;
				CLANG_ENABLE_OBJC_WEAK = YES;
				CLANG_WARN_BLOCK_CAPTURE_AUTORELEASING = YES;
				CLANG_WARN_BOOL_CONVERSION = YES;
				CLANG_WARN_COMMA = YES;
				CLANG_WARN_CONSTANT_CONVERSION = YES;
				CLANG_WARN_DEPRECATED_OBJC_IMPLEMENTATIONS = YES;
				CLANG_WARN_DIRECT_OBJC_ISA_USAGE = YES_ERROR;
				CLANG_WARN_DOCUMENTATION_COMMENTS = YES;
				CLANG_WARN_EMPTY_BODY = YES;
				CLANG_WARN_ENUM_CONVERSION = YES;
				CLANG_WARN_INFINITE_RECURSION = YES;
				CLANG_WARN_INT_CONVERSION = YES;
				CLANG_WARN_NON_LITERAL_NULL_CONVERSION = YES;
				CLANG_WARN_OBJC_IMPLICIT_RETAIN_SELF = YES;
				CLANG_WARN_OBJC_LITERAL_CONVERSION = YES;
				CLANG_WARN_OBJC_ROOT_CLASS = YES_ERROR;
				CLANG_WARN_QUOTED_INCLUDE_IN_FRAMEWORK_HEADER = YES;
				CLANG_WARN_RANGE_LOOP_ANALYSIS = YES;
				CLANG_WARN_STRICT_PROTOTYPES = YES;
				CLANG_WARN_SUSPICIOUS_MOVE = YES;
				CLANG_WARN_UNGUARDED_AVAILABILITY = YES_AGGRESSIVE;
				CLANG_WARN_UNREACHABLE_CODE = YES;
				CLANG_WARN__DUPLICATE_METHOD_MATCH = YES;
				COPY_PHASE_STRIP = NO;
				DEBUG_INFORMATION_FORMAT = dwarf;
				ENABLE_STRICT_OBJC_MSGSEND = YES;
				ENABLE_TESTABILITY = YES;
				GCC_C_LANGUAGE_STANDARD = gnu11;
				GCC_DYNAMIC_NO_PIC = NO;
				GCC_NO_COMMON_BLOCKS = YES;
				GCC_OPTIMIZATION_LEVEL = 0;
				GCC_PREPROCESSOR_DEFINITIONS = (
					"DEBUG=1",
					"$(inherited)",
				);
				GCC_WARN_64_TO_32_BIT_CONVERSION = YES;
				GCC_WARN_ABOUT_RETURN_TYPE = YES_ERROR;
				GCC_WARN_UNDECLARED_SELECTOR = YES;
				GCC_WARN_UNINITIALIZED_AUTOS = YES_AGGRESSIVE;
				GCC_WARN_UNUSED_FUNCTION = YES;
				GCC_WARN_UNUSED_VARIABLE = YES;
				IPHONEOS_DEPLOYMENT_TARGET = 15.4;
				MTL_ENABLE_DEBUG_INFO = INCLUDE_SOURCE;
				MTL_FAST_MATH = YES;
				ONLY_ACTIVE_ARCH = YES;
				SDKROOT = iphoneos;
				SWIFT_ACTIVE_COMPILATION_CONDITIONS = DEBUG;
				SWIFT_OPTIMIZATION_LEVEL = "-Onone";
			};
			name = Debug;
		};
		C8EEB5E328FC4F9900AD25AF /* Release */ = {
			isa = XCBuildConfiguration;
			buildSettings = {
				ALWAYS_SEARCH_USER_PATHS = NO;
				CLANG_ANALYZER_NONNULL = YES;
				CLANG_ANALYZER_NUMBER_OBJECT_CONVERSION = YES_AGGRESSIVE;
				CLANG_CXX_LANGUAGE_STANDARD = "gnu++17";
				CLANG_ENABLE_MODULES = YES;
				CLANG_ENABLE_OBJC_ARC = YES;
				CLANG_ENABLE_OBJC_WEAK = YES;
				CLANG_WARN_BLOCK_CAPTURE_AUTORELEASING = YES;
				CLANG_WARN_BOOL_CONVERSION = YES;
				CLANG_WARN_COMMA = YES;
				CLANG_WARN_CONSTANT_CONVERSION = YES;
				CLANG_WARN_DEPRECATED_OBJC_IMPLEMENTATIONS = YES;
				CLANG_WARN_DIRECT_OBJC_ISA_USAGE = YES_ERROR;
				CLANG_WARN_DOCUMENTATION_COMMENTS = YES;
				CLANG_WARN_EMPTY_BODY = YES;
				CLANG_WARN_ENUM_CONVERSION = YES;
				CLANG_WARN_INFINITE_RECURSION = YES;
				CLANG_WARN_INT_CONVERSION = YES;
				CLANG_WARN_NON_LITERAL_NULL_CONVERSION = YES;
				CLANG_WARN_OBJC_IMPLICIT_RETAIN_SELF = YES;
				CLANG_WARN_OBJC_LITERAL_CONVERSION = YES;
				CLANG_WARN_OBJC_ROOT_CLASS = YES_ERROR;
				CLANG_WARN_QUOTED_INCLUDE_IN_FRAMEWORK_HEADER = YES;
				CLANG_WARN_RANGE_LOOP_ANALYSIS = YES;
				CLANG_WARN_STRICT_PROTOTYPES = YES;
				CLANG_WARN_SUSPICIOUS_MOVE = YES;
				CLANG_WARN_UNGUARDED_AVAILABILITY = YES_AGGRESSIVE;
				CLANG_WARN_UNREACHABLE_CODE = YES;
				CLANG_WARN__DUPLICATE_METHOD_MATCH = YES;
				COPY_PHASE_STRIP = NO;
				DEBUG_INFORMATION_FORMAT = "dwarf-with-dsym";
				ENABLE_NS_ASSERTIONS = NO;
				ENABLE_STRICT_OBJC_MSGSEND = YES;
				GCC_C_LANGUAGE_STANDARD = gnu11;
				GCC_NO_COMMON_BLOCKS = YES;
				GCC_WARN_64_TO_32_BIT_CONVERSION = YES;
				GCC_WARN_ABOUT_RETURN_TYPE = YES_ERROR;
				GCC_WARN_UNDECLARED_SELECTOR = YES;
				GCC_WARN_UNINITIALIZED_AUTOS = YES_AGGRESSIVE;
				GCC_WARN_UNUSED_FUNCTION = YES;
				GCC_WARN_UNUSED_VARIABLE = YES;
				IPHONEOS_DEPLOYMENT_TARGET = 15.4;
				MTL_ENABLE_DEBUG_INFO = NO;
				MTL_FAST_MATH = YES;
				SDKROOT = iphoneos;
				SWIFT_COMPILATION_MODE = wholemodule;
				SWIFT_OPTIMIZATION_LEVEL = "-O";
				VALIDATE_PRODUCT = YES;
			};
			name = Release;
		};
		C8EEB5E528FC4F9900AD25AF /* Debug */ = {
			isa = XCBuildConfiguration;
			baseConfigurationReference = F7CBBD719A45FCBD507D4F3F /* Pods-Messenger.debug.xcconfig */;
			buildSettings = {
				ASSETCATALOG_COMPILER_APPICON_NAME = AppIcon;
				ASSETCATALOG_COMPILER_GLOBAL_ACCENT_COLOR_NAME = AccentColor;
				CODE_SIGN_ENTITLEMENTS = Messenger/Messenger.entitlements;
				CODE_SIGN_STYLE = Automatic;
				CURRENT_PROJECT_VERSION = 1;
				GENERATE_INFOPLIST_FILE = YES;
				INFOPLIST_FILE = Messenger/Info.plist;
				INFOPLIST_KEY_UIApplicationSupportsIndirectInputEvents = YES;
				INFOPLIST_KEY_UILaunchStoryboardName = LaunchScreen;
				INFOPLIST_KEY_UIMainStoryboardFile = Main;
				INFOPLIST_KEY_UISupportedInterfaceOrientations_iPad = "UIInterfaceOrientationPortrait UIInterfaceOrientationPortraitUpsideDown UIInterfaceOrientationLandscapeLeft UIInterfaceOrientationLandscapeRight";
				INFOPLIST_KEY_UISupportedInterfaceOrientations_iPhone = "UIInterfaceOrientationPortrait UIInterfaceOrientationLandscapeLeft UIInterfaceOrientationLandscapeRight";
				LD_RUNPATH_SEARCH_PATHS = (
					"$(inherited)",
					"@executable_path/Frameworks",
				);
				MARKETING_VERSION = 1.0;
				PRODUCT_BUNDLE_IDENTIFIER = com.evalentina.Messenger;
				PRODUCT_NAME = "$(TARGET_NAME)";
				SWIFT_EMIT_LOC_STRINGS = YES;
				SWIFT_VERSION = 5.0;
				TARGETED_DEVICE_FAMILY = "1,2";
			};
			name = Debug;
		};
		C8EEB5E628FC4F9900AD25AF /* Release */ = {
			isa = XCBuildConfiguration;
			baseConfigurationReference = 53B25C1C89E017C3A5323BA3 /* Pods-Messenger.release.xcconfig */;
			buildSettings = {
				ASSETCATALOG_COMPILER_APPICON_NAME = AppIcon;
				ASSETCATALOG_COMPILER_GLOBAL_ACCENT_COLOR_NAME = AccentColor;
				CODE_SIGN_ENTITLEMENTS = Messenger/Messenger.entitlements;
				CODE_SIGN_STYLE = Automatic;
				CURRENT_PROJECT_VERSION = 1;
				GENERATE_INFOPLIST_FILE = YES;
				INFOPLIST_FILE = Messenger/Info.plist;
				INFOPLIST_KEY_UIApplicationSupportsIndirectInputEvents = YES;
				INFOPLIST_KEY_UILaunchStoryboardName = LaunchScreen;
				INFOPLIST_KEY_UIMainStoryboardFile = Main;
				INFOPLIST_KEY_UISupportedInterfaceOrientations_iPad = "UIInterfaceOrientationPortrait UIInterfaceOrientationPortraitUpsideDown UIInterfaceOrientationLandscapeLeft UIInterfaceOrientationLandscapeRight";
				INFOPLIST_KEY_UISupportedInterfaceOrientations_iPhone = "UIInterfaceOrientationPortrait UIInterfaceOrientationLandscapeLeft UIInterfaceOrientationLandscapeRight";
				LD_RUNPATH_SEARCH_PATHS = (
					"$(inherited)",
					"@executable_path/Frameworks",
				);
				MARKETING_VERSION = 1.0;
				PRODUCT_BUNDLE_IDENTIFIER = com.evalentina.Messenger;
				PRODUCT_NAME = "$(TARGET_NAME)";
				SWIFT_EMIT_LOC_STRINGS = YES;
				SWIFT_VERSION = 5.0;
				TARGETED_DEVICE_FAMILY = "1,2";
			};
			name = Release;
		};
/* End XCBuildConfiguration section */

/* Begin XCConfigurationList section */
		C8EEB5CB28FC4F9300AD25AF /* Build configuration list for PBXProject "Messenger" */ = {
			isa = XCConfigurationList;
			buildConfigurations = (
				C8EEB5E228FC4F9900AD25AF /* Debug */,
				C8EEB5E328FC4F9900AD25AF /* Release */,
			);
			defaultConfigurationIsVisible = 0;
			defaultConfigurationName = Release;
		};
		C8EEB5E428FC4F9900AD25AF /* Build configuration list for PBXNativeTarget "Messenger" */ = {
			isa = XCConfigurationList;
			buildConfigurations = (
				C8EEB5E528FC4F9900AD25AF /* Debug */,
				C8EEB5E628FC4F9900AD25AF /* Release */,
			);
			defaultConfigurationIsVisible = 0;
			defaultConfigurationName = Release;
		};
/* End XCConfigurationList section */
	};
	rootObject = C8EEB5C828FC4F9300AD25AF /* Project object */;
}
